<?xml version="1.0" encoding="UTF-8"?>
<CONFIG>
  <ProjectOptions>
    <Version Value="11"/>
    <General>
      <Flags>
        <MainUnitHasCreateFormStatements Value="False"/>
        <MainUnitHasTitleStatement Value="False"/>
        <MainUnitHasScaledStatement Value="False"/>
      </Flags>
      <SessionStorage Value="InProjectDir"/>
      <MainUnit Value="0"/>
      <Title Value="wchttpserver"/>
      <UseAppBundle Value="False"/>
      <ResourceType Value="res"/>
    </General>
    <MacroValues Count="1">
      <Macro1 Name="LCLWidgetType" Value="nogui"/>
    </MacroValues>
    <BuildModes Count="2">
      <Item1 Name="Debug" Default="True"/>
      <Item2 Name="Release">
        <MacroValues Count="1">
          <Macro1 Name="LCLWidgetType" Value="nogui"/>
        </MacroValues>
        <CompilerOptions>
          <Version Value="11"/>
          <Target>
            <Filename Value="wchttpserver"/>
          </Target>
          <SearchPaths>
            <IncludeFiles Value="$(ProjOutDir)"/>
            <OtherUnitFiles Value="openssl;testing;../CommonUtils;../CommonUtils/extsqlite3"/>
            <UnitOutputDirectory Value="lib/$(TargetCPU)-$(TargetOS)"/>
          </SearchPaths>
          <CodeGeneration>
            <SmartLinkUnit Value="True"/>
            <Optimizations>
              <OptimizationLevel Value="3"/>
            </Optimizations>
          </CodeGeneration>
          <Linking>
            <Debugging>
              <GenerateDebugInfo Value="False"/>
            </Debugging>
            <LinkSmart Value="True"/>
          </Linking>
          <Other>
            <CustomOptions Value="-dNOGUI -dALLOW_STREAM_GZIP"/>
          </Other>
        </CompilerOptions>
      </Item2>
      <SharedMatrixOptions Count="1">
        <Item1 ID="233172635035" Modes="Release,Debug" Type="IDEMacro" MacroName="LCLWidgetType" Value="nogui"/>
      </SharedMatrixOptions>
    </BuildModes>
    <PublishOptions>
      <Version Value="2"/>
      <UseFileFilters Value="True"/>
    </PublishOptions>
    <RunParams>
      <FormatVersion Value="2"/>
      <Modes Count="0"/>
    </RunParams>
    <RequiredPackages Count="2">
      <Item1>
        <PackageName Value="LazUtils"/>
      </Item1>
      <Item2>
        <PackageName Value="weblaz"/>
      </Item2>
    </RequiredPackages>
    <Units Count="24">
      <Unit0>
        <Filename Value="wchttpserver.lpr"/>
        <IsPartOfProject Value="True"/>
      </Unit0>
      <Unit1>
        <Filename Value="wcmaintest.pas"/>
        <IsPartOfProject Value="True"/>
        <UnitName Value="WCMainTest"/>
      </Unit1>
      <Unit2>
        <Filename Value="wcapplication.pas"/>
        <IsPartOfProject Value="True"/>
      </Unit2>
      <Unit3>
        <Filename Value="wchttp2server.pas"/>
        <IsPartOfProject Value="True"/>
      </Unit3>
      <Unit4>
        <Filename Value="custabshttpapp.pas"/>
        <IsPartOfProject Value="True"/>
      </Unit4>
      <Unit5>
        <Filename Value="http2consts.pas"/>
        <IsPartOfProject Value="True"/>
      </Unit5>
      <Unit6>
        <Filename Value="http2http1conv.pas"/>
        <IsPartOfProject Value="True"/>
      </Unit6>
      <Unit7>
        <Filename Value="abstracthttpserver.pas"/>
        <IsPartOfProject Value="True"/>
      </Unit7>
      <Unit8>
        <Filename Value="openssl/extopenssl.pp"/>
        <IsPartOfProject Value="True"/>
      </Unit8>
      <Unit9>
        <Filename Value="openssl/openssl.pas"/>
        <IsPartOfProject Value="True"/>
      </Unit9>
      <Unit10>
        <Filename Value="openssl/extopensslsockets.pp"/>
        <IsPartOfProject Value="True"/>
      </Unit10>
      <Unit11>
        <Filename Value="wctestclient.pas"/>
        <IsPartOfProject Value="True"/>
        <UnitName Value="WCTestClient"/>
      </Unit11>
      <Unit12>
        <Filename Value="wcservertestjobs.pas"/>
        <IsPartOfProject Value="True"/>
        <UnitName Value="WCServerTestJobs"/>
      </Unit12>
      <Unit13>
        <Filename Value="wcconfig.pas"/>
        <IsPartOfProject Value="True"/>
      </Unit13>
      <Unit14>
        <Filename Value="wcappconfig.inc"/>
        <IsPartOfProject Value="True"/>
      </Unit14>
      <Unit15>
        <Filename Value="../CommonUtils/bufferedstream.pas"/>
        <IsPartOfProject Value="True"/>
      </Unit15>
      <Unit16>
        <Filename Value="../CommonUtils/ecommonobjs.pas"/>
        <IsPartOfProject Value="True"/>
        <UnitName Value="ECommonObjs"/>
      </Unit16>
      <Unit17>
        <Filename Value="../CommonUtils/gwidgetsethelper.pas"/>
        <IsPartOfProject Value="True"/>
      </Unit17>
      <Unit18>
        <Filename Value="../CommonUtils/gzstream.pas"/>
        <IsPartOfProject Value="True"/>
      </Unit18>
      <Unit19>
        <Filename Value="../CommonUtils/OGLFastList.pas"/>
        <IsPartOfProject Value="True"/>
      </Unit19>
      <Unit20>
        <Filename Value="../CommonUtils/sortedthreadpool.pas"/>
        <IsPartOfProject Value="True"/>
        <UnitName Value="SortedThreadPool"/>
      </Unit20>
      <Unit21>
        <Filename Value="../CommonUtils/extsqlite3/extsqlite3ds.pas"/>
        <IsPartOfProject Value="True"/>
        <UnitName Value="ExtSqlite3DS"/>
      </Unit21>
      <Unit22>
        <Filename Value="../CommonUtils/extsqlite3/sqlitelogger.pas"/>
        <IsPartOfProject Value="True"/>
      </Unit22>
      <Unit23>
        <Filename Value="../CommonUtils/extsqlite3/sqlitewebsession.pas"/>
        <IsPartOfProject Value="True"/>
      </Unit23>
    </Units>
  </ProjectOptions>
  <CompilerOptions>
    <Version Value="11"/>
    <Target>
      <Filename Value="wchttpserver"/>
    </Target>
    <SearchPaths>
      <IncludeFiles Value="$(ProjOutDir)"/>
      <OtherUnitFiles Value="openssl;testing;../CommonUtils;../CommonUtils/extsqlite3"/>
      <UnitOutputDirectory Value="lib/$(TargetCPU)-$(TargetOS)"/>
    </SearchPaths>
    <Parsing>
      <SyntaxOptions>
        <IncludeAssertionCode Value="True"/>
      </SyntaxOptions>
    </Parsing>
    <CodeGeneration>
      <Checks>
        <IOChecks Value="True"/>
        <RangeChecks Value="True"/>
        <OverflowChecks Value="True"/>
        <StackChecks Value="True"/>
      </Checks>
      <VerifyObjMethodCallValidity Value="True"/>
    </CodeGeneration>
    <Linking>
      <Debugging>
        <DebugInfoType Value="dsDwarf2Set"/>
        <UseHeaptrc Value="True"/>
        <TrashVariables Value="True"/>
        <UseExternalDbgSyms Value="True"/>
      </Debugging>
    </Linking>
    <Other>
      <CustomOptions Value="-dNOGUI -dALLOW_STREAM_GZIP -dDEBUG -dDEBUG_STAT"/>
    </Other>
  </CompilerOptions>
  <Debugging>
    <Exceptions Count="4">
      <Item1>
        <Name Value="EAbort"/>
      </Item1>
      <Item2>
        <Name Value="ECodetoolError"/>
      </Item2>
      <Item3>
        <Name Value="EFOpenError"/>
      </Item3>
      <Item4>
        <Name Value="Unknown"/>
      </Item4>
    </Exceptions>
  </Debugging>
</CONFIG>
